
Microsoft Visual Studio Solution File, Format Version 12.00
# Visual Studio Version 17
VisualStudioVersion = 17.0.31903.59
MinimumVisualStudioVersion = 10.0.40219.1
Project("{2150E333-8FDC-42A3-9474-1A3956D46DE8}") = "src", "src", "{39362678-1581-48BA-B7AD-99A0D03E789C}"
EndProject
Project("{FAE04EC0-301F-11D3-BF4B-00C04F79EFBC}") = "Altairis.Domain", "src\Altairis.Domain\Altairis.Domain.csproj", "{16C01A8E-6C75-4F2E-A236-1C4373418601}"
EndProject
Project("{FAE04EC0-301F-11D3-BF4B-00C04F79EFBC}") = "Altairis.Infrastructure", "src\Altairis.Infrastructure\Altairis.Infrastructure.csproj", "{153B1FC8-3375-4558-9CD8-D722931FB4B1}"
EndProject
Project("{FAE04EC0-301F-11D3-BF4B-00C04F79EFBC}") = "Altairis.API", "src\Altairis.API\Altairis.API.csproj", "{CABB20E6-638E-4C8E-A128-50EB7A4D6D8A}"
EndProject
Global
	GlobalSection(SolutionConfigurationPlatforms) = preSolution
		Debug|Any CPU = Debug|Any CPU
		Release|Any CPU = Release|Any CPU
	EndGlobalSection
	GlobalSection(SolutionProperties) = preSolution
		HideSolutionNode = FALSE
	EndGlobalSection
	GlobalSection(ProjectConfigurationPlatforms) = postSolution
		{16C01A8E-6C75-4F2E-A236-1C4373418601}.Debug|Any CPU.ActiveCfg = Debug|Any CPU
		{16C01A8E-6C75-4F2E-A236-1C4373418601}.Debug|Any CPU.Build.0 = Debug|Any CPU
		{16C01A8E-6C75-4F2E-A236-1C4373418601}.Release|Any CPU.ActiveCfg = Release|Any CPU
		{16C01A8E-6C75-4F2E-A236-1C4373418601}.Release|Any CPU.Build.0 = Release|Any CPU
		{153B1FC8-3375-4558-9CD8-D722931FB4B1}.Debug|Any CPU.ActiveCfg = Debug|Any CPU
		{153B1FC8-3375-4558-9CD8-D722931FB4B1}.Debug|Any CPU.Build.0 = Debug|Any CPU
		{153B1FC8-3375-4558-9CD8-D722931FB4B1}.Release|Any CPU.ActiveCfg = Release|Any CPU
		{153B1FC8-3375-4558-9CD8-D722931FB4B1}.Release|Any CPU.Build.0 = Release|Any CPU
		{CABB20E6-638E-4C8E-A128-50EB7A4D6D8A}.Debug|Any CPU.ActiveCfg = Debug|Any CPU
		{CABB20E6-638E-4C8E-A128-50EB7A4D6D8A}.Debug|Any CPU.Build.0 = Debug|Any CPU
		{CABB20E6-638E-4C8E-A128-50EB7A4D6D8A}.Release|Any CPU.ActiveCfg = Release|Any CPU
		{CABB20E6-638E-4C8E-A128-50EB7A4D6D8A}.Release|Any CPU.Build.0 = Release|Any CPU
	EndGlobalSection
	GlobalSection(NestedProjects) = preSolution
		{16C01A8E-6C75-4F2E-A236-1C4373418601} = {39362678-1581-48BA-B7AD-99A0D03E789C}
		{153B1FC8-3375-4558-9CD8-D722931FB4B1} = {39362678-1581-48BA-B7AD-99A0D03E789C}
		{CABB20E6-638E-4C8E-A128-50EB7A4D6D8A} = {39362678-1581-48BA-B7AD-99A0D03E789C}
	EndGlobalSection
EndGlobal
